
Microsoft Visual Studio Solution File, Format Version 12.00
# Visual Studio Version 17
VisualStudioVersion = 17.8.34330.188
MinimumVisualStudioVersion = 10.0.40219.1
Project("{FAE04EC0-301F-11D3-BF4B-00C04F79EFBC}") = "SelfInstalledWindowsService", "SelfInstalledWindowsService\SelfInstalledWindowsService.csproj", "{EAB425FB-6C2E-489B-A0B6-BAF469DE1D9B}"
EndProject
Global
	GlobalSection(SolutionConfigurationPlatforms) = preSolution
		Debug|Any CPU = Debug|Any CPU
		Release|Any CPU = Release|Any CPU
	EndGlobalSection
	GlobalSection(ProjectConfigurationPlatforms) = postSolution
		{EAB425FB-6C2E-489B-A0B6-BAF469DE1D9B}.Debug|Any CPU.ActiveCfg = Debug|Any CPU
		{EAB425FB-6C2E-489B-A0B6-BAF469DE1D9B}.Debug|Any CPU.Build.0 = Debug|Any CPU
		{EAB425FB-6C2E-489B-A0B6-BAF469DE1D9B}.Release|Any CPU.ActiveCfg = Release|Any CPU
		{EAB425FB-6C2E-489B-A0B6-BAF469DE1D9B}.Release|Any CPU.Build.0 = Release|Any CPU
	EndGlobalSection
	GlobalSection(SolutionProperties) = preSolution
		HideSolutionNode = FALSE
	EndGlobalSection
	GlobalSection(ExtensibilityGlobals) = postSolution
		SolutionGuid = {EDD079E3-5BC7-4BFC-A180-2FD3F838D7B1}
	EndGlobalSection
EndGlobal
